
Microsoft Visual Studio Solution File, Format Version 12.00
# Visual Studio Version 17
VisualStudioVersion = 17.5.002.0
MinimumVisualStudioVersion = 10.0.40219.1
Project("{9A19103F-16F7-4668-BE54-9A1E7A4F7556}") = "ClinicaLanderr", "ClinicaLanderr\ClinicaLanderr.csproj", "{1AA87466-591C-410A-8F7B-0215B10EF329}"
EndProject
Global
	GlobalSection(SolutionConfigurationPlatforms) = preSolution
		Debug|Any CPU = Debug|Any CPU
		Release|Any CPU = Release|Any CPU
	EndGlobalSection
	GlobalSection(ProjectConfigurationPlatforms) = postSolution
		{1AA87466-591C-410A-8F7B-0215B10EF329}.Debug|Any CPU.ActiveCfg = Debug|Any CPU
		{1AA87466-591C-410A-8F7B-0215B10EF329}.Debug|Any CPU.Build.0 = Debug|Any CPU
		{1AA87466-591C-410A-8F7B-0215B10EF329}.Release|Any CPU.ActiveCfg = Release|Any CPU
		{1AA87466-591C-410A-8F7B-0215B10EF329}.Release|Any CPU.Build.0 = Release|Any CPU
	EndGlobalSection
	GlobalSection(SolutionProperties) = preSolution
		HideSolutionNode = FALSE
	EndGlobalSection
	GlobalSection(ExtensibilityGlobals) = postSolution
		SolutionGuid = {D2398DAB-5B83-48DF-A74F-F6A86B4754EB}
	EndGlobalSection
EndGlobal
